
Microsoft Visual Studio Solution File, Format Version 12.00
# Visual Studio 15
VisualStudioVersion = 15.0.27428.2037
MinimumVisualStudioVersion = 10.0.40219.1
Project("{FAE04EC0-301F-11D3-BF4B-00C04F79EFBC}") = "Cursos", "Cursos\Cursos.csproj", "{BC563FEF-2EDA-4712-A6E8-B31B5C0484B7}"
EndProject
Global
	GlobalSection(SolutionConfigurationPlatforms) = preSolution
		Debug|Any CPU = Debug|Any CPU
		Release|Any CPU = Release|Any CPU
	EndGlobalSection
	GlobalSection(ProjectConfigurationPlatforms) = postSolution
		{BC563FEF-2EDA-4712-A6E8-B31B5C0484B7}.Debug|Any CPU.ActiveCfg = Debug|Any CPU
		{BC563FEF-2EDA-4712-A6E8-B31B5C0484B7}.Debug|Any CPU.Build.0 = Debug|Any CPU
		{BC563FEF-2EDA-4712-A6E8-B31B5C0484B7}.Release|Any CPU.ActiveCfg = Release|Any CPU
		{BC563FEF-2EDA-4712-A6E8-B31B5C0484B7}.Release|Any CPU.Build.0 = Release|Any CPU
	EndGlobalSection
	GlobalSection(SolutionProperties) = preSolution
		HideSolutionNode = FALSE
	EndGlobalSection
	GlobalSection(ExtensibilityGlobals) = postSolution
		SolutionGuid = {4E484488-4008-4D3D-9F21-22676A0F0604}
	EndGlobalSection
EndGlobal
